
Microsoft Visual Studio Solution File, Format Version 12.00
# Visual Studio Version 17
VisualStudioVersion = 17.9.34728.123
MinimumVisualStudioVersion = 10.0.40219.1
Project("{FAE04EC0-301F-11D3-BF4B-00C04F79EFBC}") = "Backend", "Backend.csproj", "{3F2247FE-923D-4FB6-8E3C-6442891400E4}"
EndProject
Project("{FAE04EC0-301F-11D3-BF4B-00C04F79EFBC}") = "CommunyStoreApi", "..\CommunyStoreApi\CommunyStoreApi.csproj", "{5A318B49-0EBF-4FEA-BF90-904D8748A277}"
EndProject
Project("{9A19103F-16F7-4668-BE54-9A1E7A4F7556}") = "CommunyStoreFrontEnd", "..\CommunyStoreFrontEnd\CommunyStoreFrontEnd.csproj", "{D4DF1A3A-3686-4AED-B9E2-0145EC827531}"
EndProject
Global
	GlobalSection(SolutionConfigurationPlatforms) = preSolution
		Debug|Any CPU = Debug|Any CPU
		Release|Any CPU = Release|Any CPU
	EndGlobalSection
	GlobalSection(ProjectConfigurationPlatforms) = postSolution
		{3F2247FE-923D-4FB6-8E3C-6442891400E4}.Debug|Any CPU.ActiveCfg = Debug|Any CPU
		{3F2247FE-923D-4FB6-8E3C-6442891400E4}.Debug|Any CPU.Build.0 = Debug|Any CPU
		{3F2247FE-923D-4FB6-8E3C-6442891400E4}.Release|Any CPU.ActiveCfg = Release|Any CPU
		{3F2247FE-923D-4FB6-8E3C-6442891400E4}.Release|Any CPU.Build.0 = Release|Any CPU
		{5A318B49-0EBF-4FEA-BF90-904D8748A277}.Debug|Any CPU.ActiveCfg = Debug|Any CPU
		{5A318B49-0EBF-4FEA-BF90-904D8748A277}.Debug|Any CPU.Build.0 = Debug|Any CPU
		{5A318B49-0EBF-4FEA-BF90-904D8748A277}.Release|Any CPU.ActiveCfg = Release|Any CPU
		{5A318B49-0EBF-4FEA-BF90-904D8748A277}.Release|Any CPU.Build.0 = Release|Any CPU
		{D4DF1A3A-3686-4AED-B9E2-0145EC827531}.Debug|Any CPU.ActiveCfg = Debug|Any CPU
		{D4DF1A3A-3686-4AED-B9E2-0145EC827531}.Debug|Any CPU.Build.0 = Debug|Any CPU
		{D4DF1A3A-3686-4AED-B9E2-0145EC827531}.Debug|Any CPU.Deploy.0 = Debug|Any CPU
		{D4DF1A3A-3686-4AED-B9E2-0145EC827531}.Release|Any CPU.ActiveCfg = Release|Any CPU
		{D4DF1A3A-3686-4AED-B9E2-0145EC827531}.Release|Any CPU.Build.0 = Release|Any CPU
		{D4DF1A3A-3686-4AED-B9E2-0145EC827531}.Release|Any CPU.Deploy.0 = Release|Any CPU
	EndGlobalSection
	GlobalSection(SolutionProperties) = preSolution
		HideSolutionNode = FALSE
	EndGlobalSection
	GlobalSection(ExtensibilityGlobals) = postSolution
		SolutionGuid = {9C74BCB7-61C2-4AE2-BAB4-17AA0B660D30}
	EndGlobalSection
EndGlobal
